
Microsoft Visual Studio Solution File, Format Version 12.00
# Visual Studio Version 16
VisualStudioVersion = 16.0.30523.141
MinimumVisualStudioVersion = 10.0.40219.1
Project("{9A19103F-16F7-4668-BE54-9A1E7A4F7556}") = "RPG.Combat.Kata", "src\RPG.Combat.Kata\RPG.Combat.Kata.csproj", "{DA3C0630-9D37-44A1-A50F-491FDB21DC61}"
EndProject
Project("{9A19103F-16F7-4668-BE54-9A1E7A4F7556}") = "RPG.Combat.Kata.UnitTests", "tests\RPG.Combat.Kata.UnitTests\RPG.Combat.Kata.UnitTests.csproj", "{BCED12F5-D373-4D4B-ACC3-F72691D7EC70}"
EndProject
Global
	GlobalSection(SolutionConfigurationPlatforms) = preSolution
		Debug|Any CPU = Debug|Any CPU
		Release|Any CPU = Release|Any CPU
	EndGlobalSection
	GlobalSection(ProjectConfigurationPlatforms) = postSolution
		{DA3C0630-9D37-44A1-A50F-491FDB21DC61}.Debug|Any CPU.ActiveCfg = Debug|Any CPU
		{DA3C0630-9D37-44A1-A50F-491FDB21DC61}.Debug|Any CPU.Build.0 = Debug|Any CPU
		{DA3C0630-9D37-44A1-A50F-491FDB21DC61}.Release|Any CPU.ActiveCfg = Release|Any CPU
		{DA3C0630-9D37-44A1-A50F-491FDB21DC61}.Release|Any CPU.Build.0 = Release|Any CPU
		{BCED12F5-D373-4D4B-ACC3-F72691D7EC70}.Debug|Any CPU.ActiveCfg = Debug|Any CPU
		{BCED12F5-D373-4D4B-ACC3-F72691D7EC70}.Debug|Any CPU.Build.0 = Debug|Any CPU
		{BCED12F5-D373-4D4B-ACC3-F72691D7EC70}.Release|Any CPU.ActiveCfg = Release|Any CPU
		{BCED12F5-D373-4D4B-ACC3-F72691D7EC70}.Release|Any CPU.Build.0 = Release|Any CPU
	EndGlobalSection
	GlobalSection(SolutionProperties) = preSolution
		HideSolutionNode = FALSE
	EndGlobalSection
	GlobalSection(ExtensibilityGlobals) = postSolution
		SolutionGuid = {F9220BB9-937A-4651-AF6C-87D262F6D9D0}
	EndGlobalSection
EndGlobal
